
Microsoft Visual Studio Solution File, Format Version 12.00
# Visual Studio Version 17
VisualStudioVersion = 17.0.32014.148
MinimumVisualStudioVersion = 10.0.40219.1
Project("{2150E333-8FDC-42A3-9474-1A3956D46DE8}") = "src", "src", "{BE20AFCE-F1CC-4824-AC96-EBC81875BB69}"
EndProject
Project("{2150E333-8FDC-42A3-9474-1A3956D46DE8}") = "tests", "tests", "{64F57F27-5AEC-4742-B806-32EDF7FE58E8}"
EndProject
Project("{2150E333-8FDC-42A3-9474-1A3956D46DE8}") = "Application", "Application", "{BBEC1DFF-0C4F-4B02-B97C-9964B61D12D2}"
EndProject
Project("{2150E333-8FDC-42A3-9474-1A3956D46DE8}") = "Domain", "Domain", "{B8453576-B54C-4DB7-BC16-EF3D5403453B}"
EndProject
Project("{2150E333-8FDC-42A3-9474-1A3956D46DE8}") = "Infrastructure", "Infrastructure", "{12C07A76-7D03-4862-BAB5-BB227D3A9B63}"
EndProject
Project("{2150E333-8FDC-42A3-9474-1A3956D46DE8}") = "Presentation", "Presentation", "{95C8FB9C-5B31-46A6-84DD-3654D3548F63}"
EndProject
Project("{9A19103F-16F7-4668-BE54-9A1E7A4F7556}") = "GreenFlux.Application", "src\Application\GreenFlux.Application\GreenFlux.Application.csproj", "{67C0F4DD-8C3B-440A-9449-A696D79E00B9}"
EndProject
Project("{9A19103F-16F7-4668-BE54-9A1E7A4F7556}") = "GreenFlux.Presentation.Api", "src\Presentation\GreenFlux.Presentation.Api\GreenFlux.Presentation.Api.csproj", "{A76730EF-3764-4FE4-AC04-7400FC4D7303}"
EndProject
Project("{9A19103F-16F7-4668-BE54-9A1E7A4F7556}") = "GreenFlux.Domain", "src\Domain\GreenFlux.Domain\GreenFlux.Domain.csproj", "{57E1E28A-2469-43BD-B093-466DA3C30B68}"
EndProject
Project("{9A19103F-16F7-4668-BE54-9A1E7A4F7556}") = "GreenFlux.Infra.DataAccess", "src\Infrastructure\GreenFlux.Infra.DataAccess\GreenFlux.Infra.DataAccess.csproj", "{51B8FC6D-02A2-421E-B5DA-CBA59D69F96A}"
EndProject
Project("{FAE04EC0-301F-11D3-BF4B-00C04F79EFBC}") = "GreenFlux.Domian.UnitTests", "tests\GreenFlux.Domian.UnitTests\GreenFlux.Domian.UnitTests.csproj", "{5641A155-22B6-4E81-8619-89E1F8F22074}"
EndProject
Project("{FAE04EC0-301F-11D3-BF4B-00C04F79EFBC}") = "GreenFlux.Application.IntegrationTests", "tests\GreenFlux.Application.IntegrationTests\GreenFlux.Application.IntegrationTests.csproj", "{8114F605-D557-4A1D-B3C0-BE34538E09B2}"
EndProject
Global
	GlobalSection(SolutionConfigurationPlatforms) = preSolution
		Debug|Any CPU = Debug|Any CPU
		Release|Any CPU = Release|Any CPU
	EndGlobalSection
	GlobalSection(ProjectConfigurationPlatforms) = postSolution
		{67C0F4DD-8C3B-440A-9449-A696D79E00B9}.Debug|Any CPU.ActiveCfg = Debug|Any CPU
		{67C0F4DD-8C3B-440A-9449-A696D79E00B9}.Debug|Any CPU.Build.0 = Debug|Any CPU
		{67C0F4DD-8C3B-440A-9449-A696D79E00B9}.Release|Any CPU.ActiveCfg = Release|Any CPU
		{67C0F4DD-8C3B-440A-9449-A696D79E00B9}.Release|Any CPU.Build.0 = Release|Any CPU
		{A76730EF-3764-4FE4-AC04-7400FC4D7303}.Debug|Any CPU.ActiveCfg = Debug|Any CPU
		{A76730EF-3764-4FE4-AC04-7400FC4D7303}.Debug|Any CPU.Build.0 = Debug|Any CPU
		{A76730EF-3764-4FE4-AC04-7400FC4D7303}.Release|Any CPU.ActiveCfg = Release|Any CPU
		{A76730EF-3764-4FE4-AC04-7400FC4D7303}.Release|Any CPU.Build.0 = Release|Any CPU
		{57E1E28A-2469-43BD-B093-466DA3C30B68}.Debug|Any CPU.ActiveCfg = Debug|Any CPU
		{57E1E28A-2469-43BD-B093-466DA3C30B68}.Debug|Any CPU.Build.0 = Debug|Any CPU
		{57E1E28A-2469-43BD-B093-466DA3C30B68}.Release|Any CPU.ActiveCfg = Release|Any CPU
		{57E1E28A-2469-43BD-B093-466DA3C30B68}.Release|Any CPU.Build.0 = Release|Any CPU
		{51B8FC6D-02A2-421E-B5DA-CBA59D69F96A}.Debug|Any CPU.ActiveCfg = Debug|Any CPU
		{51B8FC6D-02A2-421E-B5DA-CBA59D69F96A}.Debug|Any CPU.Build.0 = Debug|Any CPU
		{51B8FC6D-02A2-421E-B5DA-CBA59D69F96A}.Release|Any CPU.ActiveCfg = Release|Any CPU
		{51B8FC6D-02A2-421E-B5DA-CBA59D69F96A}.Release|Any CPU.Build.0 = Release|Any CPU
		{5641A155-22B6-4E81-8619-89E1F8F22074}.Debug|Any CPU.ActiveCfg = Debug|Any CPU
		{5641A155-22B6-4E81-8619-89E1F8F22074}.Debug|Any CPU.Build.0 = Debug|Any CPU
		{5641A155-22B6-4E81-8619-89E1F8F22074}.Release|Any CPU.ActiveCfg = Release|Any CPU
		{5641A155-22B6-4E81-8619-89E1F8F22074}.Release|Any CPU.Build.0 = Release|Any CPU
		{8114F605-D557-4A1D-B3C0-BE34538E09B2}.Debug|Any CPU.ActiveCfg = Debug|Any CPU
		{8114F605-D557-4A1D-B3C0-BE34538E09B2}.Debug|Any CPU.Build.0 = Debug|Any CPU
		{8114F605-D557-4A1D-B3C0-BE34538E09B2}.Release|Any CPU.ActiveCfg = Release|Any CPU
		{8114F605-D557-4A1D-B3C0-BE34538E09B2}.Release|Any CPU.Build.0 = Release|Any CPU
	EndGlobalSection
	GlobalSection(SolutionProperties) = preSolution
		HideSolutionNode = FALSE
	EndGlobalSection
	GlobalSection(NestedProjects) = preSolution
		{BBEC1DFF-0C4F-4B02-B97C-9964B61D12D2} = {BE20AFCE-F1CC-4824-AC96-EBC81875BB69}
		{B8453576-B54C-4DB7-BC16-EF3D5403453B} = {BE20AFCE-F1CC-4824-AC96-EBC81875BB69}
		{12C07A76-7D03-4862-BAB5-BB227D3A9B63} = {BE20AFCE-F1CC-4824-AC96-EBC81875BB69}
		{95C8FB9C-5B31-46A6-84DD-3654D3548F63} = {BE20AFCE-F1CC-4824-AC96-EBC81875BB69}
		{67C0F4DD-8C3B-440A-9449-A696D79E00B9} = {BBEC1DFF-0C4F-4B02-B97C-9964B61D12D2}
		{A76730EF-3764-4FE4-AC04-7400FC4D7303} = {95C8FB9C-5B31-46A6-84DD-3654D3548F63}
		{57E1E28A-2469-43BD-B093-466DA3C30B68} = {B8453576-B54C-4DB7-BC16-EF3D5403453B}
		{51B8FC6D-02A2-421E-B5DA-CBA59D69F96A} = {12C07A76-7D03-4862-BAB5-BB227D3A9B63}
		{5641A155-22B6-4E81-8619-89E1F8F22074} = {64F57F27-5AEC-4742-B806-32EDF7FE58E8}
		{8114F605-D557-4A1D-B3C0-BE34538E09B2} = {64F57F27-5AEC-4742-B806-32EDF7FE58E8}
	EndGlobalSection
	GlobalSection(ExtensibilityGlobals) = postSolution
		SolutionGuid = {9F41A259-F552-4BD2-8B65-066B06523799}
	EndGlobalSection
EndGlobal
